
Microsoft Visual Studio Solution File, Format Version 12.00
# Visual Studio Version 16
VisualStudioVersion = 16.0.30011.22
MinimumVisualStudioVersion = 10.0.40219.1
Project("{9A19103F-16F7-4668-BE54-9A1E7A4F7556}") = "Console", "Console\Console.csproj", "{BD50F797-E97A-4324-B332-32FD0A96A9D5}"
EndProject
Global
	GlobalSection(SolutionConfigurationPlatforms) = preSolution
		Debug|Any CPU = Debug|Any CPU
		Release|Any CPU = Release|Any CPU
	EndGlobalSection
	GlobalSection(ProjectConfigurationPlatforms) = postSolution
		{BD50F797-E97A-4324-B332-32FD0A96A9D5}.Debug|Any CPU.ActiveCfg = Debug|Any CPU
		{BD50F797-E97A-4324-B332-32FD0A96A9D5}.Debug|Any CPU.Build.0 = Debug|Any CPU
		{BD50F797-E97A-4324-B332-32FD0A96A9D5}.Release|Any CPU.ActiveCfg = Release|Any CPU
		{BD50F797-E97A-4324-B332-32FD0A96A9D5}.Release|Any CPU.Build.0 = Release|Any CPU
	EndGlobalSection
	GlobalSection(SolutionProperties) = preSolution
		HideSolutionNode = FALSE
	EndGlobalSection
	GlobalSection(ExtensibilityGlobals) = postSolution
		SolutionGuid = {B52CEA7D-1E01-42F3-9D0A-DB54056F404F}
	EndGlobalSection
EndGlobal
